
Microsoft Visual Studio Solution File, Format Version 12.00
# Visual Studio Version 17
VisualStudioVersion = 17.0.31825.309
MinimumVisualStudioVersion = 10.0.40219.1
Project("{9A19103F-16F7-4668-BE54-9A1E7A4F7556}") = "QuantitativeTrading", "QuantitativeTrading\QuantitativeTrading.csproj", "{D93E8B6C-6349-4B1A-9AA0-86C92AF40BF1}"
EndProject
Project("{9A19103F-16F7-4668-BE54-9A1E7A4F7556}") = "QuantitativeTrading.Tests", "QuantitativeTrading.Tests\QuantitativeTrading.Tests.csproj", "{AFF28889-773B-48DF-98AD-3DDF69A00D40}"
EndProject
Project("{9A19103F-16F7-4668-BE54-9A1E7A4F7556}") = "MultilateralArbitrage", "MultilateralArbitrage\MultilateralArbitrage.csproj", "{4BA576F7-FB0E-480D-808B-0DB128BA0F6B}"
EndProject
Project("{FAE04EC0-301F-11D3-BF4B-00C04F79EFBC}") = "MultilateralArbitrage.Tests", "MultilateralArbitrage.Tests\MultilateralArbitrage.Tests.csproj", "{943FD000-A4C4-444B-9E61-A7778337DDF6}"
EndProject
Global
	GlobalSection(SolutionConfigurationPlatforms) = preSolution
		Debug|Any CPU = Debug|Any CPU
		Debug|ARM = Debug|ARM
		Debug|ARM64 = Debug|ARM64
		Debug|x64 = Debug|x64
		Debug|x86 = Debug|x86
		Release|Any CPU = Release|Any CPU
		Release|ARM = Release|ARM
		Release|ARM64 = Release|ARM64
		Release|x64 = Release|x64
		Release|x86 = Release|x86
	EndGlobalSection
	GlobalSection(ProjectConfigurationPlatforms) = postSolution
		{D93E8B6C-6349-4B1A-9AA0-86C92AF40BF1}.Debug|Any CPU.ActiveCfg = Debug|Any CPU
		{D93E8B6C-6349-4B1A-9AA0-86C92AF40BF1}.Debug|Any CPU.Build.0 = Debug|Any CPU
		{D93E8B6C-6349-4B1A-9AA0-86C92AF40BF1}.Debug|ARM.ActiveCfg = Debug|Any CPU
		{D93E8B6C-6349-4B1A-9AA0-86C92AF40BF1}.Debug|ARM.Build.0 = Debug|Any CPU
		{D93E8B6C-6349-4B1A-9AA0-86C92AF40BF1}.Debug|ARM64.ActiveCfg = Debug|Any CPU
		{D93E8B6C-6349-4B1A-9AA0-86C92AF40BF1}.Debug|ARM64.Build.0 = Debug|Any CPU
		{D93E8B6C-6349-4B1A-9AA0-86C92AF40BF1}.Debug|x64.ActiveCfg = Debug|Any CPU
		{D93E8B6C-6349-4B1A-9AA0-86C92AF40BF1}.Debug|x64.Build.0 = Debug|Any CPU
		{D93E8B6C-6349-4B1A-9AA0-86C92AF40BF1}.Debug|x86.ActiveCfg = Debug|Any CPU
		{D93E8B6C-6349-4B1A-9AA0-86C92AF40BF1}.Debug|x86.Build.0 = Debug|Any CPU
		{D93E8B6C-6349-4B1A-9AA0-86C92AF40BF1}.Release|Any CPU.ActiveCfg = Release|Any CPU
		{D93E8B6C-6349-4B1A-9AA0-86C92AF40BF1}.Release|Any CPU.Build.0 = Release|Any CPU
		{D93E8B6C-6349-4B1A-9AA0-86C92AF40BF1}.Release|ARM.ActiveCfg = Release|Any CPU
		{D93E8B6C-6349-4B1A-9AA0-86C92AF40BF1}.Release|ARM.Build.0 = Release|Any CPU
		{D93E8B6C-6349-4B1A-9AA0-86C92AF40BF1}.Release|ARM64.ActiveCfg = Release|Any CPU
		{D93E8B6C-6349-4B1A-9AA0-86C92AF40BF1}.Release|ARM64.Build.0 = Release|Any CPU
		{D93E8B6C-6349-4B1A-9AA0-86C92AF40BF1}.Release|x64.ActiveCfg = Release|Any CPU
		{D93E8B6C-6349-4B1A-9AA0-86C92AF40BF1}.Release|x64.Build.0 = Release|Any CPU
		{D93E8B6C-6349-4B1A-9AA0-86C92AF40BF1}.Release|x86.ActiveCfg = Release|Any CPU
		{D93E8B6C-6349-4B1A-9AA0-86C92AF40BF1}.Release|x86.Build.0 = Release|Any CPU
		{AFF28889-773B-48DF-98AD-3DDF69A00D40}.Debug|Any CPU.ActiveCfg = Debug|Any CPU
		{AFF28889-773B-48DF-98AD-3DDF69A00D40}.Debug|Any CPU.Build.0 = Debug|Any CPU
		{AFF28889-773B-48DF-98AD-3DDF69A00D40}.Debug|ARM.ActiveCfg = Debug|Any CPU
		{AFF28889-773B-48DF-98AD-3DDF69A00D40}.Debug|ARM.Build.0 = Debug|Any CPU
		{AFF28889-773B-48DF-98AD-3DDF69A00D40}.Debug|ARM64.ActiveCfg = Debug|Any CPU
		{AFF28889-773B-48DF-98AD-3DDF69A00D40}.Debug|ARM64.Build.0 = Debug|Any CPU
		{AFF28889-773B-48DF-98AD-3DDF69A00D40}.Debug|x64.ActiveCfg = Debug|Any CPU
		{AFF28889-773B-48DF-98AD-3DDF69A00D40}.Debug|x64.Build.0 = Debug|Any CPU
		{AFF28889-773B-48DF-98AD-3DDF69A00D40}.Debug|x86.ActiveCfg = Debug|Any CPU
		{AFF28889-773B-48DF-98AD-3DDF69A00D40}.Debug|x86.Build.0 = Debug|Any CPU
		{AFF28889-773B-48DF-98AD-3DDF69A00D40}.Release|Any CPU.ActiveCfg = Release|Any CPU
		{AFF28889-773B-48DF-98AD-3DDF69A00D40}.Release|Any CPU.Build.0 = Release|Any CPU
		{AFF28889-773B-48DF-98AD-3DDF69A00D40}.Release|ARM.ActiveCfg = Release|Any CPU
		{AFF28889-773B-48DF-98AD-3DDF69A00D40}.Release|ARM.Build.0 = Release|Any CPU
		{AFF28889-773B-48DF-98AD-3DDF69A00D40}.Release|ARM64.ActiveCfg = Release|Any CPU
		{AFF28889-773B-48DF-98AD-3DDF69A00D40}.Release|ARM64.Build.0 = Release|Any CPU
		{AFF28889-773B-48DF-98AD-3DDF69A00D40}.Release|x64.ActiveCfg = Release|Any CPU
		{AFF28889-773B-48DF-98AD-3DDF69A00D40}.Release|x64.Build.0 = Release|Any CPU
		{AFF28889-773B-48DF-98AD-3DDF69A00D40}.Release|x86.ActiveCfg = Release|Any CPU
		{AFF28889-773B-48DF-98AD-3DDF69A00D40}.Release|x86.Build.0 = Release|Any CPU
		{4BA576F7-FB0E-480D-808B-0DB128BA0F6B}.Debug|Any CPU.ActiveCfg = Debug|Any CPU
		{4BA576F7-FB0E-480D-808B-0DB128BA0F6B}.Debug|Any CPU.Build.0 = Debug|Any CPU
		{4BA576F7-FB0E-480D-808B-0DB128BA0F6B}.Debug|ARM.ActiveCfg = Debug|Any CPU
		{4BA576F7-FB0E-480D-808B-0DB128BA0F6B}.Debug|ARM.Build.0 = Debug|Any CPU
		{4BA576F7-FB0E-480D-808B-0DB128BA0F6B}.Debug|ARM64.ActiveCfg = Debug|Any CPU
		{4BA576F7-FB0E-480D-808B-0DB128BA0F6B}.Debug|ARM64.Build.0 = Debug|Any CPU
		{4BA576F7-FB0E-480D-808B-0DB128BA0F6B}.Debug|x64.ActiveCfg = Debug|Any CPU
		{4BA576F7-FB0E-480D-808B-0DB128BA0F6B}.Debug|x64.Build.0 = Debug|Any CPU
		{4BA576F7-FB0E-480D-808B-0DB128BA0F6B}.Debug|x86.ActiveCfg = Debug|Any CPU
		{4BA576F7-FB0E-480D-808B-0DB128BA0F6B}.Debug|x86.Build.0 = Debug|Any CPU
		{4BA576F7-FB0E-480D-808B-0DB128BA0F6B}.Release|Any CPU.ActiveCfg = Release|Any CPU
		{4BA576F7-FB0E-480D-808B-0DB128BA0F6B}.Release|Any CPU.Build.0 = Release|Any CPU
		{4BA576F7-FB0E-480D-808B-0DB128BA0F6B}.Release|ARM.ActiveCfg = Release|Any CPU
		{4BA576F7-FB0E-480D-808B-0DB128BA0F6B}.Release|ARM.Build.0 = Release|Any CPU
		{4BA576F7-FB0E-480D-808B-0DB128BA0F6B}.Release|ARM64.ActiveCfg = Release|Any CPU
		{4BA576F7-FB0E-480D-808B-0DB128BA0F6B}.Release|ARM64.Build.0 = Release|Any CPU
		{4BA576F7-FB0E-480D-808B-0DB128BA0F6B}.Release|x64.ActiveCfg = Release|Any CPU
		{4BA576F7-FB0E-480D-808B-0DB128BA0F6B}.Release|x64.Build.0 = Release|Any CPU
		{4BA576F7-FB0E-480D-808B-0DB128BA0F6B}.Release|x86.ActiveCfg = Release|Any CPU
		{4BA576F7-FB0E-480D-808B-0DB128BA0F6B}.Release|x86.Build.0 = Release|Any CPU
		{943FD000-A4C4-444B-9E61-A7778337DDF6}.Debug|Any CPU.ActiveCfg = Debug|Any CPU
		{943FD000-A4C4-444B-9E61-A7778337DDF6}.Debug|Any CPU.Build.0 = Debug|Any CPU
		{943FD000-A4C4-444B-9E61-A7778337DDF6}.Debug|ARM.ActiveCfg = Debug|Any CPU
		{943FD000-A4C4-444B-9E61-A7778337DDF6}.Debug|ARM.Build.0 = Debug|Any CPU
		{943FD000-A4C4-444B-9E61-A7778337DDF6}.Debug|ARM64.ActiveCfg = Debug|Any CPU
		{943FD000-A4C4-444B-9E61-A7778337DDF6}.Debug|ARM64.Build.0 = Debug|Any CPU
		{943FD000-A4C4-444B-9E61-A7778337DDF6}.Debug|x64.ActiveCfg = Debug|Any CPU
		{943FD000-A4C4-444B-9E61-A7778337DDF6}.Debug|x64.Build.0 = Debug|Any CPU
		{943FD000-A4C4-444B-9E61-A7778337DDF6}.Debug|x86.ActiveCfg = Debug|Any CPU
		{943FD000-A4C4-444B-9E61-A7778337DDF6}.Debug|x86.Build.0 = Debug|Any CPU
		{943FD000-A4C4-444B-9E61-A7778337DDF6}.Release|Any CPU.ActiveCfg = Release|Any CPU
		{943FD000-A4C4-444B-9E61-A7778337DDF6}.Release|Any CPU.Build.0 = Release|Any CPU
		{943FD000-A4C4-444B-9E61-A7778337DDF6}.Release|ARM.ActiveCfg = Release|Any CPU
		{943FD000-A4C4-444B-9E61-A7778337DDF6}.Release|ARM.Build.0 = Release|Any CPU
		{943FD000-A4C4-444B-9E61-A7778337DDF6}.Release|ARM64.ActiveCfg = Release|Any CPU
		{943FD000-A4C4-444B-9E61-A7778337DDF6}.Release|ARM64.Build.0 = Release|Any CPU
		{943FD000-A4C4-444B-9E61-A7778337DDF6}.Release|x64.ActiveCfg = Release|Any CPU
		{943FD000-A4C4-444B-9E61-A7778337DDF6}.Release|x64.Build.0 = Release|Any CPU
		{943FD000-A4C4-444B-9E61-A7778337DDF6}.Release|x86.ActiveCfg = Release|Any CPU
		{943FD000-A4C4-444B-9E61-A7778337DDF6}.Release|x86.Build.0 = Release|Any CPU
	EndGlobalSection
	GlobalSection(SolutionProperties) = preSolution
		HideSolutionNode = FALSE
	EndGlobalSection
	GlobalSection(ExtensibilityGlobals) = postSolution
		SolutionGuid = {6754E2EE-7DAE-472D-A017-B15BA97898E1}
	EndGlobalSection
EndGlobal
